
Microsoft Visual Studio Solution File, Format Version 12.00
# Visual Studio Version 16
VisualStudioVersion = 16.0.31205.134
MinimumVisualStudioVersion = 10.0.40219.1
Project("{FAE04EC0-301F-11D3-BF4B-00C04F79EFBC}") = "goodsNumCaculate", "goodsNumCaculate.csproj", "{DC1E6AF3-BB90-4E0C-87E4-783882049F89}"
EndProject
Global
	GlobalSection(SolutionConfigurationPlatforms) = preSolution
		Debug|Any CPU = Debug|Any CPU
		Release|Any CPU = Release|Any CPU
	EndGlobalSection
	GlobalSection(ProjectConfigurationPlatforms) = postSolution
		{DC1E6AF3-BB90-4E0C-87E4-783882049F89}.Debug|Any CPU.ActiveCfg = Debug|Any CPU
		{DC1E6AF3-BB90-4E0C-87E4-783882049F89}.Debug|Any CPU.Build.0 = Debug|Any CPU
		{DC1E6AF3-BB90-4E0C-87E4-783882049F89}.Release|Any CPU.ActiveCfg = Release|Any CPU
		{DC1E6AF3-BB90-4E0C-87E4-783882049F89}.Release|Any CPU.Build.0 = Release|Any CPU
	EndGlobalSection
	GlobalSection(SolutionProperties) = preSolution
		HideSolutionNode = FALSE
	EndGlobalSection
	GlobalSection(ExtensibilityGlobals) = postSolution
		SolutionGuid = {018B6FEC-6070-4F3B-AEA2-3731E75134C2}
	EndGlobalSection
EndGlobal
